
Microsoft Visual Studio Solution File, Format Version 12.00
# Visual Studio Version 16
VisualStudioVersion = 16.0.31424.327
MinimumVisualStudioVersion = 10.0.40219.1
Project("{9A19103F-16F7-4668-BE54-9A1E7A4F7556}") = "BlazorUI", "BlazorUI\BlazorUI.csproj", "{6835D710-A7CB-4485-B12B-3FE580DDDDCB}"
EndProject
Project("{9A19103F-16F7-4668-BE54-9A1E7A4F7556}") = "DemoLibrary", "DemoLibrary\DemoLibrary.csproj", "{05C0D167-8C8A-4DF9-A0BD-C963B7E2089B}"
EndProject
Project("{FAE04EC0-301F-11D3-BF4B-00C04F79EFBC}") = "DemoApi", "DemoApi\DemoApi.csproj", "{6F3AC977-4A39-466D-B3F4-562F3DC15523}"
EndProject
Global
	GlobalSection(SolutionConfigurationPlatforms) = preSolution
		Debug|Any CPU = Debug|Any CPU
		Release|Any CPU = Release|Any CPU
	EndGlobalSection
	GlobalSection(ProjectConfigurationPlatforms) = postSolution
		{6835D710-A7CB-4485-B12B-3FE580DDDDCB}.Debug|Any CPU.ActiveCfg = Debug|Any CPU
		{6835D710-A7CB-4485-B12B-3FE580DDDDCB}.Debug|Any CPU.Build.0 = Debug|Any CPU
		{6835D710-A7CB-4485-B12B-3FE580DDDDCB}.Release|Any CPU.ActiveCfg = Release|Any CPU
		{6835D710-A7CB-4485-B12B-3FE580DDDDCB}.Release|Any CPU.Build.0 = Release|Any CPU
		{05C0D167-8C8A-4DF9-A0BD-C963B7E2089B}.Debug|Any CPU.ActiveCfg = Debug|Any CPU
		{05C0D167-8C8A-4DF9-A0BD-C963B7E2089B}.Debug|Any CPU.Build.0 = Debug|Any CPU
		{05C0D167-8C8A-4DF9-A0BD-C963B7E2089B}.Release|Any CPU.ActiveCfg = Release|Any CPU
		{05C0D167-8C8A-4DF9-A0BD-C963B7E2089B}.Release|Any CPU.Build.0 = Release|Any CPU
		{6F3AC977-4A39-466D-B3F4-562F3DC15523}.Debug|Any CPU.ActiveCfg = Debug|Any CPU
		{6F3AC977-4A39-466D-B3F4-562F3DC15523}.Debug|Any CPU.Build.0 = Debug|Any CPU
		{6F3AC977-4A39-466D-B3F4-562F3DC15523}.Release|Any CPU.ActiveCfg = Release|Any CPU
		{6F3AC977-4A39-466D-B3F4-562F3DC15523}.Release|Any CPU.Build.0 = Release|Any CPU
	EndGlobalSection
	GlobalSection(SolutionProperties) = preSolution
		HideSolutionNode = FALSE
	EndGlobalSection
	GlobalSection(ExtensibilityGlobals) = postSolution
		SolutionGuid = {0E8E6A24-5723-4B6F-9855-5A36C18E1D69}
	EndGlobalSection
EndGlobal
